
Microsoft Visual Studio Solution File, Format Version 12.00
# Visual Studio 14
VisualStudioVersion = 14.0.24720.0
MinimumVisualStudioVersion = 10.0.40219.1
Project("{F184B08F-C81C-45F6-A57F-5ABD9991F28F}") = "BatchDownloader", "BatchDownloader\BatchDownloader.vbproj", "{FA9CB3FF-3B20-4C85-A17B-0E4864D88AFD}"
EndProject
Global
	GlobalSection(SolutionConfigurationPlatforms) = preSolution
		Debug|Any CPU = Debug|Any CPU
		Debug|x86 = Debug|x86
		Release|Any CPU = Release|Any CPU
		Release|x86 = Release|x86
	EndGlobalSection
	GlobalSection(ProjectConfigurationPlatforms) = postSolution
		{FA9CB3FF-3B20-4C85-A17B-0E4864D88AFD}.Debug|Any CPU.ActiveCfg = Debug|Any CPU
		{FA9CB3FF-3B20-4C85-A17B-0E4864D88AFD}.Debug|Any CPU.Build.0 = Debug|Any CPU
		{FA9CB3FF-3B20-4C85-A17B-0E4864D88AFD}.Debug|x86.ActiveCfg = Debug|x86
		{FA9CB3FF-3B20-4C85-A17B-0E4864D88AFD}.Debug|x86.Build.0 = Debug|x86
		{FA9CB3FF-3B20-4C85-A17B-0E4864D88AFD}.Release|Any CPU.ActiveCfg = Release|Any CPU
		{FA9CB3FF-3B20-4C85-A17B-0E4864D88AFD}.Release|Any CPU.Build.0 = Release|Any CPU
		{FA9CB3FF-3B20-4C85-A17B-0E4864D88AFD}.Release|x86.ActiveCfg = Release|x86
		{FA9CB3FF-3B20-4C85-A17B-0E4864D88AFD}.Release|x86.Build.0 = Release|x86
	EndGlobalSection
	GlobalSection(SolutionProperties) = preSolution
		HideSolutionNode = FALSE
	EndGlobalSection
EndGlobal
